
Microsoft Visual Studio Solution File, Format Version 12.00
# Visual Studio Version 17
VisualStudioVersion = 17.6.33829.357
MinimumVisualStudioVersion = 10.0.40219.1
Project("{9A19103F-16F7-4668-BE54-9A1E7A4F7556}") = "WebApplication1", "WebApplication1\WebApplication1.csproj", "{7D05E1BC-6CA9-471C-9C26-0C61B54C7868}"
EndProject
Global
	GlobalSection(SolutionConfigurationPlatforms) = preSolution
		Debug|Any CPU = Debug|Any CPU
		Release|Any CPU = Release|Any CPU
	EndGlobalSection
	GlobalSection(ProjectConfigurationPlatforms) = postSolution
		{7D05E1BC-6CA9-471C-9C26-0C61B54C7868}.Debug|Any CPU.ActiveCfg = Debug|Any CPU
		{7D05E1BC-6CA9-471C-9C26-0C61B54C7868}.Debug|Any CPU.Build.0 = Debug|Any CPU
		{7D05E1BC-6CA9-471C-9C26-0C61B54C7868}.Release|Any CPU.ActiveCfg = Release|Any CPU
		{7D05E1BC-6CA9-471C-9C26-0C61B54C7868}.Release|Any CPU.Build.0 = Release|Any CPU
	EndGlobalSection
	GlobalSection(SolutionProperties) = preSolution
		HideSolutionNode = FALSE
	EndGlobalSection
	GlobalSection(ExtensibilityGlobals) = postSolution
		SolutionGuid = {831C50F0-2B58-48FF-AF27-1C31BC174BD6}
	EndGlobalSection
EndGlobal
